
Microsoft Visual Studio Solution File, Format Version 12.00
# Visual Studio Version 17
VisualStudioVersion = 17.5.33516.290
MinimumVisualStudioVersion = 10.0.40219.1
Project("{8BC9CEB8-8B4A-11D0-8D11-00A0C91BC942}") = "Destructors", "Destructors\Destructors.vcxproj", "{8E70EAA8-A536-4B20-BB4E-504310D55C51}"
EndProject
Global
	GlobalSection(SolutionConfigurationPlatforms) = preSolution
		Debug|x64 = Debug|x64
		Debug|x86 = Debug|x86
		Release|x64 = Release|x64
		Release|x86 = Release|x86
	EndGlobalSection
	GlobalSection(ProjectConfigurationPlatforms) = postSolution
		{8E70EAA8-A536-4B20-BB4E-504310D55C51}.Debug|x64.ActiveCfg = Debug|x64
		{8E70EAA8-A536-4B20-BB4E-504310D55C51}.Debug|x64.Build.0 = Debug|x64
		{8E70EAA8-A536-4B20-BB4E-504310D55C51}.Debug|x86.ActiveCfg = Debug|Win32
		{8E70EAA8-A536-4B20-BB4E-504310D55C51}.Debug|x86.Build.0 = Debug|Win32
		{8E70EAA8-A536-4B20-BB4E-504310D55C51}.Release|x64.ActiveCfg = Release|x64
		{8E70EAA8-A536-4B20-BB4E-504310D55C51}.Release|x64.Build.0 = Release|x64
		{8E70EAA8-A536-4B20-BB4E-504310D55C51}.Release|x86.ActiveCfg = Release|Win32
		{8E70EAA8-A536-4B20-BB4E-504310D55C51}.Release|x86.Build.0 = Release|Win32
	EndGlobalSection
	GlobalSection(SolutionProperties) = preSolution
		HideSolutionNode = FALSE
	EndGlobalSection
	GlobalSection(ExtensibilityGlobals) = postSolution
		SolutionGuid = {6DBFB83A-5F2A-4C7F-B344-4951E58F2D6F}
	EndGlobalSection
EndGlobal
